
Microsoft Visual Studio Solution File, Format Version 12.00
# Visual Studio Version 16
VisualStudioVersion = 16.0.32413.511
MinimumVisualStudioVersion = 10.0.40219.1
Project("{FAE04EC0-301F-11D3-BF4B-00C04F79EFBC}") = "FirmaTikTak", "FirmaTikTak\FirmaTikTak.csproj", "{C5C4212D-13EF-433F-8E7C-2678A6DB0DDF}"
EndProject
Project("{54435603-DBB4-11D2-8724-00A0C9A8B90C}") = "Setup1", "Setup1\Setup1.vdproj", "{EB1D1663-4206-499D-92BD-A952EEDFDAF3}"
EndProject
Global
	GlobalSection(SolutionConfigurationPlatforms) = preSolution
		Debug|Any CPU = Debug|Any CPU
		Debug|x86 = Debug|x86
		Release|Any CPU = Release|Any CPU
		Release|x86 = Release|x86
	EndGlobalSection
	GlobalSection(ProjectConfigurationPlatforms) = postSolution
		{C5C4212D-13EF-433F-8E7C-2678A6DB0DDF}.Debug|Any CPU.ActiveCfg = Debug|Any CPU
		{C5C4212D-13EF-433F-8E7C-2678A6DB0DDF}.Debug|Any CPU.Build.0 = Debug|Any CPU
		{C5C4212D-13EF-433F-8E7C-2678A6DB0DDF}.Debug|x86.ActiveCfg = Debug|x86
		{C5C4212D-13EF-433F-8E7C-2678A6DB0DDF}.Debug|x86.Build.0 = Debug|x86
		{C5C4212D-13EF-433F-8E7C-2678A6DB0DDF}.Release|Any CPU.ActiveCfg = Release|Any CPU
		{C5C4212D-13EF-433F-8E7C-2678A6DB0DDF}.Release|Any CPU.Build.0 = Release|Any CPU
		{C5C4212D-13EF-433F-8E7C-2678A6DB0DDF}.Release|x86.ActiveCfg = Release|x86
		{C5C4212D-13EF-433F-8E7C-2678A6DB0DDF}.Release|x86.Build.0 = Release|x86
		{EB1D1663-4206-499D-92BD-A952EEDFDAF3}.Debug|Any CPU.ActiveCfg = Debug
		{EB1D1663-4206-499D-92BD-A952EEDFDAF3}.Debug|x86.ActiveCfg = Debug
		{EB1D1663-4206-499D-92BD-A952EEDFDAF3}.Release|Any CPU.ActiveCfg = Release
		{EB1D1663-4206-499D-92BD-A952EEDFDAF3}.Release|x86.ActiveCfg = Release
	EndGlobalSection
	GlobalSection(SolutionProperties) = preSolution
		HideSolutionNode = FALSE
	EndGlobalSection
	GlobalSection(ExtensibilityGlobals) = postSolution
		SolutionGuid = {42CE51E2-B983-42F5-8C32-0A1A6AB14571}
	EndGlobalSection
EndGlobal
